{
  "pins" : [
    {
      "identity" : "roboflow-swift",
      "kind" : "remoteSourceControl",
      "location" : "https://github.com/roboflow/roboflow-swift",
      "state" : {
        "branch" : "main",
        "revision" : "eebed19aab891cc51ae126e9af68fd76c703d6a9"
      }
    }
  ],
  "version" : 2
}
