{
  "pins" : [
    {
      "identity" : "roboflow-swift",
      "kind" : "remoteSourceControl",
      "location" : "https://github.com/roboflow/roboflow-swift",
      "state" : {
        "branch" : "main",
        "revision" : "87e93bb0e4e6bcacc527accd966ae53f97500432"
      }
    }
  ],
  "version" : 2
}
